
Microsoft Visual Studio Solution File, Format Version 12.00
# Visual Studio Version 17
VisualStudioVersion = 17.8.34330.188
MinimumVisualStudioVersion = 10.0.40219.1
Project("{9A19103F-16F7-4668-BE54-9A1E7A4F7556}") = "ProductRegistrationSystemAPI", "ProductRegistrationSystemAPI.csproj", "{23938A11-4737-4948-B219-D5379325F424}"
EndProject
Project("{9A19103F-16F7-4668-BE54-9A1E7A4F7556}") = "ProductRegistrationSystemAPITest", "..\ProductRegistrationSystemAPITest\ProductRegistrationSystemAPITest.csproj", "{118CE466-EDD7-4525-864D-391DE9BBA4C2}"
EndProject
Global
	GlobalSection(SolutionConfigurationPlatforms) = preSolution
		Debug|Any CPU = Debug|Any CPU
		Release|Any CPU = Release|Any CPU
	EndGlobalSection
	GlobalSection(ProjectConfigurationPlatforms) = postSolution
		{23938A11-4737-4948-B219-D5379325F424}.Debug|Any CPU.ActiveCfg = Debug|Any CPU
		{23938A11-4737-4948-B219-D5379325F424}.Debug|Any CPU.Build.0 = Debug|Any CPU
		{23938A11-4737-4948-B219-D5379325F424}.Release|Any CPU.ActiveCfg = Release|Any CPU
		{23938A11-4737-4948-B219-D5379325F424}.Release|Any CPU.Build.0 = Release|Any CPU
		{118CE466-EDD7-4525-864D-391DE9BBA4C2}.Debug|Any CPU.ActiveCfg = Debug|Any CPU
		{118CE466-EDD7-4525-864D-391DE9BBA4C2}.Debug|Any CPU.Build.0 = Debug|Any CPU
		{118CE466-EDD7-4525-864D-391DE9BBA4C2}.Release|Any CPU.ActiveCfg = Release|Any CPU
		{118CE466-EDD7-4525-864D-391DE9BBA4C2}.Release|Any CPU.Build.0 = Release|Any CPU
	EndGlobalSection
	GlobalSection(SolutionProperties) = preSolution
		HideSolutionNode = FALSE
	EndGlobalSection
	GlobalSection(ExtensibilityGlobals) = postSolution
		SolutionGuid = {0F41EDF7-C538-42D9-BFC0-D97F0F0AB75B}
	EndGlobalSection
EndGlobal
